// !$*UTF8*$!
{
	archiveVersion = 1;
	classes = {
	};
	objectVersion = 46;
	objects = {

/* Begin PBXBuildFile section */
		417BBC7119653A4100F7E0BE /* NXSegmentItem.m in Sources */ = {isa = PBXBuildFile; fileRef = 417BBC7019653A4100F7E0BE /* NXSegmentItem.m */; };
		41C829CC1962D2390029DFAC /* Foundation.framework in Frameworks */ = {isa = PBXBuildFile; fileRef = 41C829CB1962D2390029DFAC /* Foundation.framework */; };
		41C829CE1962D2390029DFAC /* CoreGraphics.framework in Frameworks */ = {isa = PBXBuildFile; fileRef = 41C829CD1962D2390029DFAC /* CoreGraphics.framework */; };
		41C829D01962D2390029DFAC /* UIKit.framework in Frameworks */ = {isa = PBXBuildFile; fileRef = 41C829CF1962D2390029DFAC /* UIKit.framework */; };
		41C829D61962D2390029DFAC /* InfoPlist.strings in Resources */ = {isa = PBXBuildFile; fileRef = 41C829D41962D2390029DFAC /* InfoPlist.strings */; };
		41C829D81962D2390029DFAC /* main.m in Sources */ = {isa = PBXBuildFile; fileRef = 41C829D71962D2390029DFAC /* main.m */; };
		41C829DC1962D2390029DFAC /* NXAppDelegate.m in Sources */ = {isa = PBXBuildFile; fileRef = 41C829DB1962D2390029DFAC /* NXAppDelegate.m */; };
		41C829DF1962D2390029DFAC /* Main.storyboard in Resources */ = {isa = PBXBuildFile; fileRef = 41C829DD1962D2390029DFAC /* Main.storyboard */; };
		41C829E21962D2390029DFAC /* NXViewController.m in Sources */ = {isa = PBXBuildFile; fileRef = 41C829E11962D2390029DFAC /* NXViewController.m */; };
		41C829E41962D2390029DFAC /* Images.xcassets in Resources */ = {isa = PBXBuildFile; fileRef = 41C829E31962D2390029DFAC /* Images.xcassets */; };
		41C829EB1962D2390029DFAC /* XCTest.framework in Frameworks */ = {isa = PBXBuildFile; fileRef = 41C829EA1962D2390029DFAC /* XCTest.framework */; };
		41C829EC1962D2390029DFAC /* Foundation.framework in Frameworks */ = {isa = PBXBuildFile; fileRef = 41C829CB1962D2390029DFAC /* Foundation.framework */; };
		41C829ED1962D2390029DFAC /* UIKit.framework in Frameworks */ = {isa = PBXBuildFile; fileRef = 41C829CF1962D2390029DFAC /* UIKit.framework */; };
		41C829F51962D23A0029DFAC /* InfoPlist.strings in Resources */ = {isa = PBXBuildFile; fileRef = 41C829F31962D23A0029DFAC /* InfoPlist.strings */; };
		41C829F71962D23A0029DFAC /* NXSegmentedControlDemoTests.m in Sources */ = {isa = PBXBuildFile; fileRef = 41C829F61962D23A0029DFAC /* NXSegmentedControlDemoTests.m */; };
		41C82A031962D2A50029DFAC /* NXSegmentedControl.m in Sources */ = {isa = PBXBuildFile; fileRef = 41C82A021962D2A50029DFAC /* NXSegmentedControl.m */; };
/* End PBXBuildFile section */

/* Begin PBXContainerItemProxy section */
		41C829EE1962D2390029DFAC /* PBXContainerItemProxy */ = {
			isa = PBXContainerItemProxy;
			containerPortal = 41C829C01962D2390029DFAC /* Project object */;
			proxyType = 1;
			remoteGlobalIDString = 41C829C71962D2390029DFAC;
			remoteInfo = NXSegmentedControlDemo;
		};
/* End PBXContainerItemProxy section */

/* Begin PBXFileReference section */
		417BBC6F19653A4100F7E0BE /* NXSegmentItem.h */ = {isa = PBXFileReference; fileEncoding = 4; lastKnownFileType = sourcecode.c.h; path = NXSegmentItem.h; sourceTree = "<group>"; };
		417BBC7019653A4100F7E0BE /* NXSegmentItem.m */ = {isa = PBXFileReference; fileEncoding = 4; lastKnownFileType = sourcecode.c.objc; path = NXSegmentItem.m; sourceTree = "<group>"; };
		41C829C81962D2390029DFAC /* NXSegmentedControlDemo.app */ = {isa = PBXFileReference; explicitFileType = wrapper.application; includeInIndex = 0; path = NXSegmentedControlDemo.app; sourceTree = BUILT_PRODUCTS_DIR; };
		41C829CB1962D2390029DFAC /* Foundation.framework */ = {isa = PBXFileReference; lastKnownFileType = wrapper.framework; name = Foundation.framework; path = System/Library/Frameworks/Foundation.framework; sourceTree = SDKROOT; };
		41C829CD1962D2390029DFAC /* CoreGraphics.framework */ = {isa = PBXFileReference; lastKnownFileType = wrapper.framework; name = CoreGraphics.framework; path = System/Library/Frameworks/CoreGraphics.framework; sourceTree = SDKROOT; };
		41C829CF1962D2390029DFAC /* UIKit.framework */ = {isa = PBXFileReference; lastKnownFileType = wrapper.framework; name = UIKit.framework; path = System/Library/Frameworks/UIKit.framework; sourceTree = SDKROOT; };
		41C829D31962D2390029DFAC /* NXSegmentedControlDemo-Info.plist */ = {isa = PBXFileReference; lastKnownFileType = text.plist.xml; path = "NXSegmentedControlDemo-Info.plist"; sourceTree = "<group>"; };
		41C829D51962D2390029DFAC /* en */ = {isa = PBXFileReference; lastKnownFileType = text.plist.strings; name = en; path = en.lproj/InfoPlist.strings; sourceTree = "<group>"; };
		41C829D71962D2390029DFAC /* main.m */ = {isa = PBXFileReference; lastKnownFileType = sourcecode.c.objc; path = main.m; sourceTree = "<group>"; };
		41C829D91962D2390029DFAC /* NXSegmentedControlDemo-Prefix.pch */ = {isa = PBXFileReference; lastKnownFileType = sourcecode.c.h; path = "NXSegmentedControlDemo-Prefix.pch"; sourceTree = "<group>"; };
		41C829DA1962D2390029DFAC /* NXAppDelegate.h */ = {isa = PBXFileReference; lastKnownFileType = sourcecode.c.h; path = NXAppDelegate.h; sourceTree = "<group>"; };
		41C829DB1962D2390029DFAC /* NXAppDelegate.m */ = {isa = PBXFileReference; lastKnownFileType = sourcecode.c.objc; path = NXAppDelegate.m; sourceTree = "<group>"; };
		41C829DE1962D2390029DFAC /* Base */ = {isa = PBXFileReference; lastKnownFileType = file.storyboard; name = Base; path = Base.lproj/Main.storyboard; sourceTree = "<group>"; };
		41C829E01962D2390029DFAC /* NXViewController.h */ = {isa = PBXFileReference; lastKnownFileType = sourcecode.c.h; path = NXViewController.h; sourceTree = "<group>"; };
		41C829E11962D2390029DFAC /* NXViewController.m */ = {isa = PBXFileReference; lastKnownFileType = sourcecode.c.objc; path = NXViewController.m; sourceTree = "<group>"; };
		41C829E31962D2390029DFAC /* Images.xcassets */ = {isa = PBXFileReference; lastKnownFileType = folder.assetcatalog; path = Images.xcassets; sourceTree = "<group>"; };
		41C829E91962D2390029DFAC /* NXSegmentedControlDemoTests.xctest */ = {isa = PBXFileReference; explicitFileType = wrapper.cfbundle; includeInIndex = 0; path = NXSegmentedControlDemoTests.xctest; sourceTree = BUILT_PRODUCTS_DIR; };
		41C829EA1962D2390029DFAC /* XCTest.framework */ = {isa = PBXFileReference; lastKnownFileType = wrapper.framework; name = XCTest.framework; path = Library/Frameworks/XCTest.framework; sourceTree = DEVELOPER_DIR; };
		41C829F21962D23A0029DFAC /* NXSegmentedControlDemoTests-Info.plist */ = {isa = PBXFileReference; lastKnownFileType = text.plist.xml; path = "NXSegmentedControlDemoTests-Info.plist"; sourceTree = "<group>"; };
		41C829F41962D23A0029DFAC /* en */ = {isa = PBXFileReference; lastKnownFileType = text.plist.strings; name = en; path = en.lproj/InfoPlist.strings; sourceTree = "<group>"; };
		41C829F61962D23A0029DFAC /* NXSegmentedControlDemoTests.m */ = {isa = PBXFileReference; lastKnownFileType = sourcecode.c.objc; path = NXSegmentedControlDemoTests.m; sourceTree = "<group>"; };
		41C82A011962D2A50029DFAC /* NXSegmentedControl.h */ = {isa = PBXFileReference; fileEncoding = 4; lastKnownFileType = sourcecode.c.h; path = NXSegmentedControl.h; sourceTree = "<group>"; };
		41C82A021962D2A50029DFAC /* NXSegmentedControl.m */ = {isa = PBXFileReference; fileEncoding = 4; lastKnownFileType = sourcecode.c.objc; path = NXSegmentedControl.m; sourceTree = "<group>"; };
/* End PBXFileReference section */

/* Begin PBXFrameworksBuildPhase section */
		41C829C51962D2390029DFAC /* Frameworks */ = {
			isa = PBXFrameworksBuildPhase;
			buildActionMask = 2147483647;
			files = (
				41C829CE1962D2390029DFAC /* CoreGraphics.framework in Frameworks */,
				41C829D01962D2390029DFAC /* UIKit.framework in Frameworks */,
				41C829CC1962D2390029DFAC /* Foundation.framework in Frameworks */,
			);
			runOnlyForDeploymentPostprocessing = 0;
		};
		41C829E61962D2390029DFAC /* Frameworks */ = {
			isa = PBXFrameworksBuildPhase;
			buildActionMask = 2147483647;
			files = (
				41C829EB1962D2390029DFAC /* XCTest.framework in Frameworks */,
				41C829ED1962D2390029DFAC /* UIKit.framework in Frameworks */,
				41C829EC1962D2390029DFAC /* Foundation.framework in Frameworks */,
			);
			runOnlyForDeploymentPostprocessing = 0;
		};
/* End PBXFrameworksBuildPhase section */

/* Begin PBXGroup section */
		41C829BF1962D2390029DFAC = {
			isa = PBXGroup;
			children = (
				41C829D11962D2390029DFAC /* NXSegmentedControlDemo */,
				41C829F01962D2390029DFAC /* NXSegmentedControlDemoTests */,
				41C829CA1962D2390029DFAC /* Frameworks */,
				41C829C91962D2390029DFAC /* Products */,
			);
			sourceTree = "<group>";
		};
		41C829C91962D2390029DFAC /* Products */ = {
			isa = PBXGroup;
			children = (
				41C829C81962D2390029DFAC /* NXSegmentedControlDemo.app */,
				41C829E91962D2390029DFAC /* NXSegmentedControlDemoTests.xctest */,
			);
			name = Products;
			sourceTree = "<group>";
		};
		41C829CA1962D2390029DFAC /* Frameworks */ = {
			isa = PBXGroup;
			children = (
				41C829CB1962D2390029DFAC /* Foundation.framework */,
				41C829CD1962D2390029DFAC /* CoreGraphics.framework */,
				41C829CF1962D2390029DFAC /* UIKit.framework */,
				41C829EA1962D2390029DFAC /* XCTest.framework */,
			);
			name = Frameworks;
			sourceTree = "<group>";
		};
		41C829D11962D2390029DFAC /* NXSegmentedControlDemo */ = {
			isa = PBXGroup;
			children = (
				41C82A001962D28F0029DFAC /* SegmentControl */,
				41C829DA1962D2390029DFAC /* NXAppDelegate.h */,
				41C829DB1962D2390029DFAC /* NXAppDelegate.m */,
				41C829DD1962D2390029DFAC /* Main.storyboard */,
				41C829E01962D2390029DFAC /* NXViewController.h */,
				41C829E11962D2390029DFAC /* NXViewController.m */,
				41C829E31962D2390029DFAC /* Images.xcassets */,
				41C829D21962D2390029DFAC /* Supporting Files */,
			);
			path = NXSegmentedControlDemo;
			sourceTree = "<group>";
		};
		41C829D21962D2390029DFAC /* Supporting Files */ = {
			isa = PBXGroup;
			children = (
				41C829D31962D2390029DFAC /* NXSegmentedControlDemo-Info.plist */,
				41C829D41962D2390029DFAC /* InfoPlist.strings */,
				41C829D71962D2390029DFAC /* main.m */,
				41C829D91962D2390029DFAC /* NXSegmentedControlDemo-Prefix.pch */,
			);
			name = "Supporting Files";
			sourceTree = "<group>";
		};
		41C829F01962D2390029DFAC /* NXSegmentedControlDemoTests */ = {
			isa = PBXGroup;
			children = (
				41C829F61962D23A0029DFAC /* NXSegmentedControlDemoTests.m */,
				41C829F11962D23A0029DFAC /* Supporting Files */,
			);
			path = NXSegmentedControlDemoTests;
			sourceTree = "<group>";
		};
		41C829F11962D23A0029DFAC /* Supporting Files */ = {
			isa = PBXGroup;
			children = (
				41C829F21962D23A0029DFAC /* NXSegmentedControlDemoTests-Info.plist */,
				41C829F31962D23A0029DFAC /* InfoPlist.strings */,
			);
			name = "Supporting Files";
			sourceTree = "<group>";
		};
		41C82A001962D28F0029DFAC /* SegmentControl */ = {
			isa = PBXGroup;
			children = (
				41C82A011962D2A50029DFAC /* NXSegmentedControl.h */,
				41C82A021962D2A50029DFAC /* NXSegmentedControl.m */,
				417BBC6F19653A4100F7E0BE /* NXSegmentItem.h */,
				417BBC7019653A4100F7E0BE /* NXSegmentItem.m */,
			);
			path = SegmentControl;
			sourceTree = "<group>";
		};
/* End PBXGroup section */

/* Begin PBXNativeTarget section */
		41C829C71962D2390029DFAC /* NXSegmentedControlDemo */ = {
			isa = PBXNativeTarget;
			buildConfigurationList = 41C829FA1962D23A0029DFAC /* Build configuration list for PBXNativeTarget "NXSegmentedControlDemo" */;
			buildPhases = (
				41C829C41962D2390029DFAC /* Sources */,
				41C829C51962D2390029DFAC /* Frameworks */,
				41C829C61962D2390029DFAC /* Resources */,
			);
			buildRules = (
			);
			dependencies = (
			);
			name = NXSegmentedControlDemo;
			productName = NXSegmentedControlDemo;
			productReference = 41C829C81962D2390029DFAC /* NXSegmentedControlDemo.app */;
			productType = "com.apple.product-type.application";
		};
		41C829E81962D2390029DFAC /* NXSegmentedControlDemoTests */ = {
			isa = PBXNativeTarget;
			buildConfigurationList = 41C829FD1962D23A0029DFAC /* Build configuration list for PBXNativeTarget "NXSegmentedControlDemoTests" */;
			buildPhases = (
				41C829E51962D2390029DFAC /* Sources */,
				41C829E61962D2390029DFAC /* Frameworks */,
				41C829E71962D2390029DFAC /* Resources */,
			);
			buildRules = (
			);
			dependencies = (
				41C829EF1962D2390029DFAC /* PBXTargetDependency */,
			);
			name = NXSegmentedControlDemoTests;
			productName = NXSegmentedControlDemoTests;
			productReference = 41C829E91962D2390029DFAC /* NXSegmentedControlDemoTests.xctest */;
			productType = "com.apple.product-type.bundle.unit-test";
		};
/* End PBXNativeTarget section */

/* Begin PBXProject section */
		41C829C01962D2390029DFAC /* Project object */ = {
			isa = PBXProject;
			attributes = {
				CLASSPREFIX = NX;
				LastUpgradeCheck = 0510;
				ORGANIZATIONNAME = NuoXia;
				TargetAttributes = {
					41C829E81962D2390029DFAC = {
						TestTargetID = 41C829C71962D2390029DFAC;
					};
				};
			};
			buildConfigurationList = 41C829C31962D2390029DFAC /* Build configuration list for PBXProject "NXSegmentedControlDemo" */;
			compatibilityVersion = "Xcode 3.2";
			developmentRegion = English;
			hasScannedForEncodings = 0;
			knownRegions = (
				en,
				Base,
			);
			mainGroup = 41C829BF1962D2390029DFAC;
			productRefGroup = 41C829C91962D2390029DFAC /* Products */;
			projectDirPath = "";
			projectRoot = "";
			targets = (
				41C829C71962D2390029DFAC /* NXSegmentedControlDemo */,
				41C829E81962D2390029DFAC /* NXSegmentedControlDemoTests */,
			);
		};
/* End PBXProject section */

/* Begin PBXResourcesBuildPhase section */
		41C829C61962D2390029DFAC /* Resources */ = {
			isa = PBXResourcesBuildPhase;
			buildActionMask = 2147483647;
			files = (
				41C829E41962D2390029DFAC /* Images.xcassets in Resources */,
				41C829D61962D2390029DFAC /* InfoPlist.strings in Resources */,
				41C829DF1962D2390029DFAC /* Main.storyboard in Resources */,
			);
			runOnlyForDeploymentPostprocessing = 0;
		};
		41C829E71962D2390029DFAC /* Resources */ = {
			isa = PBXResourcesBuildPhase;
			buildActionMask = 2147483647;
			files = (
				41C829F51962D23A0029DFAC /* InfoPlist.strings in Resources */,
			);
			runOnlyForDeploymentPostprocessing = 0;
		};
/* End PBXResourcesBuildPhase section */

/* Begin PBXSourcesBuildPhase section */
		41C829C41962D2390029DFAC /* Sources */ = {
			isa = PBXSourcesBuildPhase;
			buildActionMask = 2147483647;
			files = (
				41C829DC1962D2390029DFAC /* NXAppDelegate.m in Sources */,
				41C829D81962D2390029DFAC /* main.m in Sources */,
				417BBC7119653A4100F7E0BE /* NXSegmentItem.m in Sources */,
				41C82A031962D2A50029DFAC /* NXSegmentedControl.m in Sources */,
				41C829E21962D2390029DFAC /* NXViewController.m in Sources */,
			);
			runOnlyForDeploymentPostprocessing = 0;
		};
		41C829E51962D2390029DFAC /* Sources */ = {
			isa = PBXSourcesBuildPhase;
			buildActionMask = 2147483647;
			files = (
				41C829F71962D23A0029DFAC /* NXSegmentedControlDemoTests.m in Sources */,
			);
			runOnlyForDeploymentPostprocessing = 0;
		};
/* End PBXSourcesBuildPhase section */

/* Begin PBXTargetDependency section */
		41C829EF1962D2390029DFAC /* PBXTargetDependency */ = {
			isa = PBXTargetDependency;
			target = 41C829C71962D2390029DFAC /* NXSegmentedControlDemo */;
			targetProxy = 41C829EE1962D2390029DFAC /* PBXContainerItemProxy */;
		};
/* End PBXTargetDependency section */

/* Begin PBXVariantGroup section */
		41C829D41962D2390029DFAC /* InfoPlist.strings */ = {
			isa = PBXVariantGroup;
			children = (
				41C829D51962D2390029DFAC /* en */,
			);
			name = InfoPlist.strings;
			sourceTree = "<group>";
		};
		41C829DD1962D2390029DFAC /* Main.storyboard */ = {
			isa = PBXVariantGroup;
			children = (
				41C829DE1962D2390029DFAC /* Base */,
			);
			name = Main.storyboard;
			sourceTree = "<group>";
		};
		41C829F31962D23A0029DFAC /* InfoPlist.strings */ = {
			isa = PBXVariantGroup;
			children = (
				41C829F41962D23A0029DFAC /* en */,
			);
			name = InfoPlist.strings;
			sourceTree = "<group>";
		};
/* End PBXVariantGroup section */

/* Begin XCBuildConfiguration section */
		41C829F81962D23A0029DFAC /* Debug */ = {
			isa = XCBuildConfiguration;
			buildSettings = {
				ALWAYS_SEARCH_USER_PATHS = NO;
				CLANG_CXX_LANGUAGE_STANDARD = "gnu++0x";
				CLANG_CXX_LIBRARY = "libc++";
				CLANG_ENABLE_MODULES = YES;
				CLANG_ENABLE_OBJC_ARC = YES;
				CLANG_WARN_BOOL_CONVERSION = YES;
				CLANG_WARN_CONSTANT_CONVERSION = YES;
				CLANG_WARN_DIRECT_OBJC_ISA_USAGE = YES_ERROR;
				CLANG_WARN_EMPTY_BODY = YES;
				CLANG_WARN_ENUM_CONVERSION = YES;
				CLANG_WARN_INT_CONVERSION = YES;
				CLANG_WARN_OBJC_ROOT_CLASS = YES_ERROR;
				CLANG_WARN__DUPLICATE_METHOD_MATCH = YES;
				"CODE_SIGN_IDENTITY[sdk=iphoneos*]" = "iPhone Developer";
				COPY_PHASE_STRIP = NO;
				GCC_C_LANGUAGE_STANDARD = gnu99;
				GCC_DYNAMIC_NO_PIC = NO;
				GCC_OPTIMIZATION_LEVEL = 0;
				GCC_PREPROCESSOR_DEFINITIONS = (
					"DEBUG=1",
					"$(inherited)",
				);
				GCC_SYMBOLS_PRIVATE_EXTERN = NO;
				GCC_WARN_64_TO_32_BIT_CONVERSION = YES;
				GCC_WARN_ABOUT_RETURN_TYPE = YES_ERROR;
				GCC_WARN_UNDECLARED_SELECTOR = YES;
				GCC_WARN_UNINITIALIZED_AUTOS = YES_AGGRESSIVE;
				GCC_WARN_UNUSED_FUNCTION = YES;
				GCC_WARN_UNUSED_VARIABLE = YES;
				IPHONEOS_DEPLOYMENT_TARGET = 7.1;
				ONLY_ACTIVE_ARCH = YES;
				SDKROOT = iphoneos;
			};
			name = Debug;
		};
		41C829F91962D23A0029DFAC /* Release */ = {
			isa = XCBuildConfiguration;
			buildSettings = {
				ALWAYS_SEARCH_USER_PATHS = NO;
				CLANG_CXX_LANGUAGE_STANDARD = "gnu++0x";
				CLANG_CXX_LIBRARY = "libc++";
				CLANG_ENABLE_MODULES = YES;
				CLANG_ENABLE_OBJC_ARC = YES;
				CLANG_WARN_BOOL_CONVERSION = YES;
				CLANG_WARN_CONSTANT_CONVERSION = YES;
				CLANG_WARN_DIRECT_OBJC_ISA_USAGE = YES_ERROR;
				CLANG_WARN_EMPTY_BODY = YES;
				CLANG_WARN_ENUM_CONVERSION = YES;
				CLANG_WARN_INT_CONVERSION = YES;
				CLANG_WARN_OBJC_ROOT_CLASS = YES_ERROR;
				CLANG_WARN__DUPLICATE_METHOD_MATCH = YES;
				"CODE_SIGN_IDENTITY[sdk=iphoneos*]" = "iPhone Developer";
				COPY_PHASE_STRIP = YES;
				ENABLE_NS_ASSERTIONS = NO;
				GCC_C_LANGUAGE_STANDARD = gnu99;
				GCC_WARN_64_TO_32_BIT_CONVERSION = YES;
				GCC_WARN_ABOUT_RETURN_TYPE = YES_ERROR;
				GCC_WARN_UNDECLARED_SELECTOR = YES;
				GCC_WARN_UNINITIALIZED_AUTOS = YES_AGGRESSIVE;
				GCC_WARN_UNUSED_FUNCTION = YES;
				GCC_WARN_UNUSED_VARIABLE = YES;
				IPHONEOS_DEPLOYMENT_TARGET = 7.1;
				SDKROOT = iphoneos;
				VALIDATE_PRODUCT = YES;
			};
			name = Release;
		};
		41C829FB1962D23A0029DFAC /* Debug */ = {
			isa = XCBuildConfiguration;
			buildSettings = {
				ASSETCATALOG_COMPILER_APPICON_NAME = AppIcon;
				ASSETCATALOG_COMPILER_LAUNCHIMAGE_NAME = LaunchImage;
				GCC_PRECOMPILE_PREFIX_HEADER = YES;
				GCC_PREFIX_HEADER = "NXSegmentedControlDemo/NXSegmentedControlDemo-Prefix.pch";
				INFOPLIST_FILE = "NXSegmentedControlDemo/NXSegmentedControlDemo-Info.plist";
				IPHONEOS_DEPLOYMENT_TARGET = 6.0;
				PRODUCT_NAME = "$(TARGET_NAME)";
				WRAPPER_EXTENSION = app;
			};
			name = Debug;
		};
		41C829FC1962D23A0029DFAC /* Release */ = {
			isa = XCBuildConfiguration;
			buildSettings = {
				ASSETCATALOG_COMPILER_APPICON_NAME = AppIcon;
				ASSETCATALOG_COMPILER_LAUNCHIMAGE_NAME = LaunchImage;
				GCC_PRECOMPILE_PREFIX_HEADER = YES;
				GCC_PREFIX_HEADER = "NXSegmentedControlDemo/NXSegmentedControlDemo-Prefix.pch";
				INFOPLIST_FILE = "NXSegmentedControlDemo/NXSegmentedControlDemo-Info.plist";
				IPHONEOS_DEPLOYMENT_TARGET = 6.0;
				PRODUCT_NAME = "$(TARGET_NAME)";
				WRAPPER_EXTENSION = app;
			};
			name = Release;
		};
		41C829FE1962D23A0029DFAC /* Debug */ = {
			isa = XCBuildConfiguration;
			buildSettings = {
				BUNDLE_LOADER = "$(BUILT_PRODUCTS_DIR)/NXSegmentedControlDemo.app/NXSegmentedControlDemo";
				FRAMEWORK_SEARCH_PATHS = (
					"$(SDKROOT)/Developer/Library/Frameworks",
					"$(inherited)",
					"$(DEVELOPER_FRAMEWORKS_DIR)",
				);
				GCC_PRECOMPILE_PREFIX_HEADER = YES;
				GCC_PREFIX_HEADER = "NXSegmentedControlDemo/NXSegmentedControlDemo-Prefix.pch";
				GCC_PREPROCESSOR_DEFINITIONS = (
					"DEBUG=1",
					"$(inherited)",
				);
				INFOPLIST_FILE = "NXSegmentedControlDemoTests/NXSegmentedControlDemoTests-Info.plist";
				PRODUCT_NAME = "$(TARGET_NAME)";
				TEST_HOST = "$(BUNDLE_LOADER)";
				WRAPPER_EXTENSION = xctest;
			};
			name = Debug;
		};
		41C829FF1962D23A0029DFAC /* Release */ = {
			isa = XCBuildConfiguration;
			buildSettings = {
				BUNDLE_LOADER = "$(BUILT_PRODUCTS_DIR)/NXSegmentedControlDemo.app/NXSegmentedControlDemo";
				FRAMEWORK_SEARCH_PATHS = (
					"$(SDKROOT)/Developer/Library/Frameworks",
					"$(inherited)",
					"$(DEVELOPER_FRAMEWORKS_DIR)",
				);
				GCC_PRECOMPILE_PREFIX_HEADER = YES;
				GCC_PREFIX_HEADER = "NXSegmentedControlDemo/NXSegmentedControlDemo-Prefix.pch";
				INFOPLIST_FILE = "NXSegmentedControlDemoTests/NXSegmentedControlDemoTests-Info.plist";
				PRODUCT_NAME = "$(TARGET_NAME)";
				TEST_HOST = "$(BUNDLE_LOADER)";
				WRAPPER_EXTENSION = xctest;
			};
			name = Release;
		};
/* End XCBuildConfiguration section */

/* Begin XCConfigurationList section */
		41C829C31962D2390029DFAC /* Build configuration list for PBXProject "NXSegmentedControlDemo" */ = {
			isa = XCConfigurationList;
			buildConfigurations = (
				41C829F81962D23A0029DFAC /* Debug */,
				41C829F91962D23A0029DFAC /* Release */,
			);
			defaultConfigurationIsVisible = 0;
			defaultConfigurationName = Release;
		};
		41C829FA1962D23A0029DFAC /* Build configuration list for PBXNativeTarget "NXSegmentedControlDemo" */ = {
			isa = XCConfigurationList;
			buildConfigurations = (
				41C829FB1962D23A0029DFAC /* Debug */,
				41C829FC1962D23A0029DFAC /* Release */,
			);
			defaultConfigurationIsVisible = 0;
			defaultConfigurationName = Release;
		};
		41C829FD1962D23A0029DFAC /* Build configuration list for PBXNativeTarget "NXSegmentedControlDemoTests" */ = {
			isa = XCConfigurationList;
			buildConfigurations = (
				41C829FE1962D23A0029DFAC /* Debug */,
				41C829FF1962D23A0029DFAC /* Release */,
			);
			defaultConfigurationIsVisible = 0;
			defaultConfigurationName = Release;
		};
/* End XCConfigurationList section */
	};
	rootObject = 41C829C01962D2390029DFAC /* Project object */;
}
